
Microsoft Visual Studio Solution File, Format Version 12.00
# Visual Studio 15
VisualStudioVersion = 15.0.28307.421
MinimumVisualStudioVersion = 10.0.40219.1
Project("{FAE04EC0-301F-11D3-BF4B-00C04F79EFBC}") = "DBoardPetFan.Android", "DBoardPetFan\DBoardPetFan.Android\DBoardPetFan.Android.csproj", "{ACE3B9BA-15DB-4070-830F-E73B93C683B5}"
EndProject
Project("{FAE04EC0-301F-11D3-BF4B-00C04F79EFBC}") = "DBoardPetFan.iOS", "DBoardPetFan\DBoardPetFan.iOS\DBoardPetFan.iOS.csproj", "{B7FA0264-34DA-4E1E-A18E-9DC3ED06056B}"
EndProject
Project("{9A19103F-16F7-4668-BE54-9A1E7A4F7556}") = "DBoardPetFan", "DBoardPetFan\DBoardPetFan\DBoardPetFan.csproj", "{FD420C0C-28B8-416D-8920-C060CDCD827E}"
EndProject
Project("{FAE04EC0-301F-11D3-BF4B-00C04F79EFBC}") = "DBoardPetFan.WEB", "DBoardPetFan.WEB\DBoardPetFan.WEB.csproj", "{0DB8A9CC-A98F-4BBB-96EE-67DBBD99DC34}"
EndProject
Project("{FAE04EC0-301F-11D3-BF4B-00C04F79EFBC}") = "DBoardPetFan.Common", "DBoardPetFan.Common\DBoardPetFan.Common.csproj", "{873FDA2D-6D7F-45EB-B197-543222279C6F}"
EndProject
Global
	GlobalSection(SolutionConfigurationPlatforms) = preSolution
		Ad-Hoc|Any CPU = Ad-Hoc|Any CPU
		Ad-Hoc|iPhone = Ad-Hoc|iPhone
		Ad-Hoc|iPhoneSimulator = Ad-Hoc|iPhoneSimulator
		AppStore|Any CPU = AppStore|Any CPU
		AppStore|iPhone = AppStore|iPhone
		AppStore|iPhoneSimulator = AppStore|iPhoneSimulator
		Debug|Any CPU = Debug|Any CPU
		Debug|iPhone = Debug|iPhone
		Debug|iPhoneSimulator = Debug|iPhoneSimulator
		Release|Any CPU = Release|Any CPU
		Release|iPhone = Release|iPhone
		Release|iPhoneSimulator = Release|iPhoneSimulator
	EndGlobalSection
	GlobalSection(ProjectConfigurationPlatforms) = postSolution
		{ACE3B9BA-15DB-4070-830F-E73B93C683B5}.Ad-Hoc|Any CPU.ActiveCfg = Release|Any CPU
		{ACE3B9BA-15DB-4070-830F-E73B93C683B5}.Ad-Hoc|Any CPU.Build.0 = Release|Any CPU
		{ACE3B9BA-15DB-4070-830F-E73B93C683B5}.Ad-Hoc|Any CPU.Deploy.0 = Release|Any CPU
		{ACE3B9BA-15DB-4070-830F-E73B93C683B5}.Ad-Hoc|iPhone.ActiveCfg = Release|Any CPU
		{ACE3B9BA-15DB-4070-830F-E73B93C683B5}.Ad-Hoc|iPhone.Build.0 = Release|Any CPU
		{ACE3B9BA-15DB-4070-830F-E73B93C683B5}.Ad-Hoc|iPhone.Deploy.0 = Release|Any CPU
		{ACE3B9BA-15DB-4070-830F-E73B93C683B5}.Ad-Hoc|iPhoneSimulator.ActiveCfg = Release|Any CPU
		{ACE3B9BA-15DB-4070-830F-E73B93C683B5}.Ad-Hoc|iPhoneSimulator.Build.0 = Release|Any CPU
		{ACE3B9BA-15DB-4070-830F-E73B93C683B5}.Ad-Hoc|iPhoneSimulator.Deploy.0 = Release|Any CPU
		{ACE3B9BA-15DB-4070-830F-E73B93C683B5}.AppStore|Any CPU.ActiveCfg = Release|Any CPU
		{ACE3B9BA-15DB-4070-830F-E73B93C683B5}.AppStore|Any CPU.Build.0 = Release|Any CPU
		{ACE3B9BA-15DB-4070-830F-E73B93C683B5}.AppStore|Any CPU.Deploy.0 = Release|Any CPU
		{ACE3B9BA-15DB-4070-830F-E73B93C683B5}.AppStore|iPhone.ActiveCfg = Release|Any CPU
		{ACE3B9BA-15DB-4070-830F-E73B93C683B5}.AppStore|iPhone.Build.0 = Release|Any CPU
		{ACE3B9BA-15DB-4070-830F-E73B93C683B5}.AppStore|iPhone.Deploy.0 = Release|Any CPU
		{ACE3B9BA-15DB-4070-830F-E73B93C683B5}.AppStore|iPhoneSimulator.ActiveCfg = Release|Any CPU
		{ACE3B9BA-15DB-4070-830F-E73B93C683B5}.AppStore|iPhoneSimulator.Build.0 = Release|Any CPU
		{ACE3B9BA-15DB-4070-830F-E73B93C683B5}.AppStore|iPhoneSimulator.Deploy.0 = Release|Any CPU
		{ACE3B9BA-15DB-4070-830F-E73B93C683B5}.Debug|Any CPU.ActiveCfg = Debug|Any CPU
		{ACE3B9BA-15DB-4070-830F-E73B93C683B5}.Debug|Any CPU.Build.0 = Debug|Any CPU
		{ACE3B9BA-15DB-4070-830F-E73B93C683B5}.Debug|Any CPU.Deploy.0 = Debug|Any CPU
		{ACE3B9BA-15DB-4070-830F-E73B93C683B5}.Debug|iPhone.ActiveCfg = Debug|Any CPU
		{ACE3B9BA-15DB-4070-830F-E73B93C683B5}.Debug|iPhone.Build.0 = Debug|Any CPU
		{ACE3B9BA-15DB-4070-830F-E73B93C683B5}.Debug|iPhone.Deploy.0 = Debug|Any CPU
		{ACE3B9BA-15DB-4070-830F-E73B93C683B5}.Debug|iPhoneSimulator.ActiveCfg = Debug|Any CPU
		{ACE3B9BA-15DB-4070-830F-E73B93C683B5}.Debug|iPhoneSimulator.Build.0 = Debug|Any CPU
		{ACE3B9BA-15DB-4070-830F-E73B93C683B5}.Debug|iPhoneSimulator.Deploy.0 = Debug|Any CPU
		{ACE3B9BA-15DB-4070-830F-E73B93C683B5}.Release|Any CPU.ActiveCfg = Release|Any CPU
		{ACE3B9BA-15DB-4070-830F-E73B93C683B5}.Release|Any CPU.Build.0 = Release|Any CPU
		{ACE3B9BA-15DB-4070-830F-E73B93C683B5}.Release|Any CPU.Deploy.0 = Release|Any CPU
		{ACE3B9BA-15DB-4070-830F-E73B93C683B5}.Release|iPhone.ActiveCfg = Release|Any CPU
		{ACE3B9BA-15DB-4070-830F-E73B93C683B5}.Release|iPhone.Build.0 = Release|Any CPU
		{ACE3B9BA-15DB-4070-830F-E73B93C683B5}.Release|iPhone.Deploy.0 = Release|Any CPU
		{ACE3B9BA-15DB-4070-830F-E73B93C683B5}.Release|iPhoneSimulator.ActiveCfg = Release|Any CPU
		{ACE3B9BA-15DB-4070-830F-E73B93C683B5}.Release|iPhoneSimulator.Build.0 = Release|Any CPU
		{ACE3B9BA-15DB-4070-830F-E73B93C683B5}.Release|iPhoneSimulator.Deploy.0 = Release|Any CPU
		{B7FA0264-34DA-4E1E-A18E-9DC3ED06056B}.Ad-Hoc|Any CPU.ActiveCfg = Ad-Hoc|iPhone
		{B7FA0264-34DA-4E1E-A18E-9DC3ED06056B}.Ad-Hoc|Any CPU.Build.0 = Ad-Hoc|iPhone
		{B7FA0264-34DA-4E1E-A18E-9DC3ED06056B}.Ad-Hoc|Any CPU.Deploy.0 = Ad-Hoc|iPhone
		{B7FA0264-34DA-4E1E-A18E-9DC3ED06056B}.Ad-Hoc|iPhone.ActiveCfg = Ad-Hoc|iPhone
		{B7FA0264-34DA-4E1E-A18E-9DC3ED06056B}.Ad-Hoc|iPhone.Build.0 = Ad-Hoc|iPhone
		{B7FA0264-34DA-4E1E-A18E-9DC3ED06056B}.Ad-Hoc|iPhone.Deploy.0 = Ad-Hoc|iPhone
		{B7FA0264-34DA-4E1E-A18E-9DC3ED06056B}.Ad-Hoc|iPhoneSimulator.ActiveCfg = Ad-Hoc|iPhoneSimulator
		{B7FA0264-34DA-4E1E-A18E-9DC3ED06056B}.Ad-Hoc|iPhoneSimulator.Build.0 = Ad-Hoc|iPhoneSimulator
		{B7FA0264-34DA-4E1E-A18E-9DC3ED06056B}.Ad-Hoc|iPhoneSimulator.Deploy.0 = Ad-Hoc|iPhoneSimulator
		{B7FA0264-34DA-4E1E-A18E-9DC3ED06056B}.AppStore|Any CPU.ActiveCfg = AppStore|iPhone
		{B7FA0264-34DA-4E1E-A18E-9DC3ED06056B}.AppStore|Any CPU.Build.0 = AppStore|iPhone
		{B7FA0264-34DA-4E1E-A18E-9DC3ED06056B}.AppStore|Any CPU.Deploy.0 = AppStore|iPhone
		{B7FA0264-34DA-4E1E-A18E-9DC3ED06056B}.AppStore|iPhone.ActiveCfg = AppStore|iPhone
		{B7FA0264-34DA-4E1E-A18E-9DC3ED06056B}.AppStore|iPhone.Build.0 = AppStore|iPhone
		{B7FA0264-34DA-4E1E-A18E-9DC3ED06056B}.AppStore|iPhone.Deploy.0 = AppStore|iPhone
		{B7FA0264-34DA-4E1E-A18E-9DC3ED06056B}.AppStore|iPhoneSimulator.ActiveCfg = AppStore|iPhoneSimulator
		{B7FA0264-34DA-4E1E-A18E-9DC3ED06056B}.AppStore|iPhoneSimulator.Build.0 = AppStore|iPhoneSimulator
		{B7FA0264-34DA-4E1E-A18E-9DC3ED06056B}.AppStore|iPhoneSimulator.Deploy.0 = AppStore|iPhoneSimulator
		{B7FA0264-34DA-4E1E-A18E-9DC3ED06056B}.Debug|Any CPU.ActiveCfg = Debug|iPhoneSimulator
		{B7FA0264-34DA-4E1E-A18E-9DC3ED06056B}.Debug|Any CPU.Build.0 = Debug|iPhoneSimulator
		{B7FA0264-34DA-4E1E-A18E-9DC3ED06056B}.Debug|Any CPU.Deploy.0 = Debug|iPhoneSimulator
		{B7FA0264-34DA-4E1E-A18E-9DC3ED06056B}.Debug|iPhone.ActiveCfg = Debug|iPhone
		{B7FA0264-34DA-4E1E-A18E-9DC3ED06056B}.Debug|iPhone.Build.0 = Debug|iPhone
		{B7FA0264-34DA-4E1E-A18E-9DC3ED06056B}.Debug|iPhone.Deploy.0 = Debug|iPhone
		{B7FA0264-34DA-4E1E-A18E-9DC3ED06056B}.Debug|iPhoneSimulator.ActiveCfg = Debug|iPhoneSimulator
		{B7FA0264-34DA-4E1E-A18E-9DC3ED06056B}.Debug|iPhoneSimulator.Build.0 = Debug|iPhoneSimulator
		{B7FA0264-34DA-4E1E-A18E-9DC3ED06056B}.Debug|iPhoneSimulator.Deploy.0 = Debug|iPhoneSimulator
		{B7FA0264-34DA-4E1E-A18E-9DC3ED06056B}.Release|Any CPU.ActiveCfg = Release|iPhone
		{B7FA0264-34DA-4E1E-A18E-9DC3ED06056B}.Release|Any CPU.Build.0 = Release|iPhone
		{B7FA0264-34DA-4E1E-A18E-9DC3ED06056B}.Release|Any CPU.Deploy.0 = Release|iPhone
		{B7FA0264-34DA-4E1E-A18E-9DC3ED06056B}.Release|iPhone.ActiveCfg = Release|iPhone
		{B7FA0264-34DA-4E1E-A18E-9DC3ED06056B}.Release|iPhone.Build.0 = Release|iPhone
		{B7FA0264-34DA-4E1E-A18E-9DC3ED06056B}.Release|iPhone.Deploy.0 = Release|iPhone
		{B7FA0264-34DA-4E1E-A18E-9DC3ED06056B}.Release|iPhoneSimulator.ActiveCfg = Release|iPhoneSimulator
		{B7FA0264-34DA-4E1E-A18E-9DC3ED06056B}.Release|iPhoneSimulator.Build.0 = Release|iPhoneSimulator
		{B7FA0264-34DA-4E1E-A18E-9DC3ED06056B}.Release|iPhoneSimulator.Deploy.0 = Release|iPhoneSimulator
		{FD420C0C-28B8-416D-8920-C060CDCD827E}.Ad-Hoc|Any CPU.ActiveCfg = Debug|Any CPU
		{FD420C0C-28B8-416D-8920-C060CDCD827E}.Ad-Hoc|Any CPU.Build.0 = Debug|Any CPU
		{FD420C0C-28B8-416D-8920-C060CDCD827E}.Ad-Hoc|Any CPU.Deploy.0 = Debug|Any CPU
		{FD420C0C-28B8-416D-8920-C060CDCD827E}.Ad-Hoc|iPhone.ActiveCfg = Debug|Any CPU
		{FD420C0C-28B8-416D-8920-C060CDCD827E}.Ad-Hoc|iPhone.Build.0 = Debug|Any CPU
		{FD420C0C-28B8-416D-8920-C060CDCD827E}.Ad-Hoc|iPhone.Deploy.0 = Debug|Any CPU
		{FD420C0C-28B8-416D-8920-C060CDCD827E}.Ad-Hoc|iPhoneSimulator.ActiveCfg = Debug|Any CPU
		{FD420C0C-28B8-416D-8920-C060CDCD827E}.Ad-Hoc|iPhoneSimulator.Build.0 = Debug|Any CPU
		{FD420C0C-28B8-416D-8920-C060CDCD827E}.Ad-Hoc|iPhoneSimulator.Deploy.0 = Debug|Any CPU
		{FD420C0C-28B8-416D-8920-C060CDCD827E}.AppStore|Any CPU.ActiveCfg = Debug|Any CPU
		{FD420C0C-28B8-416D-8920-C060CDCD827E}.AppStore|Any CPU.Build.0 = Debug|Any CPU
		{FD420C0C-28B8-416D-8920-C060CDCD827E}.AppStore|Any CPU.Deploy.0 = Debug|Any CPU
		{FD420C0C-28B8-416D-8920-C060CDCD827E}.AppStore|iPhone.ActiveCfg = Debug|Any CPU
		{FD420C0C-28B8-416D-8920-C060CDCD827E}.AppStore|iPhone.Build.0 = Debug|Any CPU
		{FD420C0C-28B8-416D-8920-C060CDCD827E}.AppStore|iPhone.Deploy.0 = Debug|Any CPU
		{FD420C0C-28B8-416D-8920-C060CDCD827E}.AppStore|iPhoneSimulator.ActiveCfg = Debug|Any CPU
		{FD420C0C-28B8-416D-8920-C060CDCD827E}.AppStore|iPhoneSimulator.Build.0 = Debug|Any CPU
		{FD420C0C-28B8-416D-8920-C060CDCD827E}.AppStore|iPhoneSimulator.Deploy.0 = Debug|Any CPU
		{FD420C0C-28B8-416D-8920-C060CDCD827E}.Debug|Any CPU.ActiveCfg = Debug|Any CPU
		{FD420C0C-28B8-416D-8920-C060CDCD827E}.Debug|Any CPU.Build.0 = Debug|Any CPU
		{FD420C0C-28B8-416D-8920-C060CDCD827E}.Debug|Any CPU.Deploy.0 = Debug|Any CPU
		{FD420C0C-28B8-416D-8920-C060CDCD827E}.Debug|iPhone.ActiveCfg = Debug|Any CPU
		{FD420C0C-28B8-416D-8920-C060CDCD827E}.Debug|iPhone.Build.0 = Debug|Any CPU
		{FD420C0C-28B8-416D-8920-C060CDCD827E}.Debug|iPhone.Deploy.0 = Debug|Any CPU
		{FD420C0C-28B8-416D-8920-C060CDCD827E}.Debug|iPhoneSimulator.ActiveCfg = Debug|Any CPU
		{FD420C0C-28B8-416D-8920-C060CDCD827E}.Debug|iPhoneSimulator.Build.0 = Debug|Any CPU
		{FD420C0C-28B8-416D-8920-C060CDCD827E}.Debug|iPhoneSimulator.Deploy.0 = Debug|Any CPU
		{FD420C0C-28B8-416D-8920-C060CDCD827E}.Release|Any CPU.ActiveCfg = Release|Any CPU
		{FD420C0C-28B8-416D-8920-C060CDCD827E}.Release|Any CPU.Build.0 = Release|Any CPU
		{FD420C0C-28B8-416D-8920-C060CDCD827E}.Release|Any CPU.Deploy.0 = Release|Any CPU
		{FD420C0C-28B8-416D-8920-C060CDCD827E}.Release|iPhone.ActiveCfg = Release|Any CPU
		{FD420C0C-28B8-416D-8920-C060CDCD827E}.Release|iPhone.Build.0 = Release|Any CPU
		{FD420C0C-28B8-416D-8920-C060CDCD827E}.Release|iPhone.Deploy.0 = Release|Any CPU
		{FD420C0C-28B8-416D-8920-C060CDCD827E}.Release|iPhoneSimulator.ActiveCfg = Release|Any CPU
		{FD420C0C-28B8-416D-8920-C060CDCD827E}.Release|iPhoneSimulator.Build.0 = Release|Any CPU
		{FD420C0C-28B8-416D-8920-C060CDCD827E}.Release|iPhoneSimulator.Deploy.0 = Release|Any CPU
		{0DB8A9CC-A98F-4BBB-96EE-67DBBD99DC34}.Ad-Hoc|Any CPU.ActiveCfg = Release|Any CPU
		{0DB8A9CC-A98F-4BBB-96EE-67DBBD99DC34}.Ad-Hoc|Any CPU.Build.0 = Release|Any CPU
		{0DB8A9CC-A98F-4BBB-96EE-67DBBD99DC34}.Ad-Hoc|iPhone.ActiveCfg = Release|Any CPU
		{0DB8A9CC-A98F-4BBB-96EE-67DBBD99DC34}.Ad-Hoc|iPhone.Build.0 = Release|Any CPU
		{0DB8A9CC-A98F-4BBB-96EE-67DBBD99DC34}.Ad-Hoc|iPhoneSimulator.ActiveCfg = Release|Any CPU
		{0DB8A9CC-A98F-4BBB-96EE-67DBBD99DC34}.Ad-Hoc|iPhoneSimulator.Build.0 = Release|Any CPU
		{0DB8A9CC-A98F-4BBB-96EE-67DBBD99DC34}.AppStore|Any CPU.ActiveCfg = Release|Any CPU
		{0DB8A9CC-A98F-4BBB-96EE-67DBBD99DC34}.AppStore|Any CPU.Build.0 = Release|Any CPU
		{0DB8A9CC-A98F-4BBB-96EE-67DBBD99DC34}.AppStore|iPhone.ActiveCfg = Release|Any CPU
		{0DB8A9CC-A98F-4BBB-96EE-67DBBD99DC34}.AppStore|iPhone.Build.0 = Release|Any CPU
		{0DB8A9CC-A98F-4BBB-96EE-67DBBD99DC34}.AppStore|iPhoneSimulator.ActiveCfg = Release|Any CPU
		{0DB8A9CC-A98F-4BBB-96EE-67DBBD99DC34}.AppStore|iPhoneSimulator.Build.0 = Release|Any CPU
		{0DB8A9CC-A98F-4BBB-96EE-67DBBD99DC34}.Debug|Any CPU.ActiveCfg = Debug|Any CPU
		{0DB8A9CC-A98F-4BBB-96EE-67DBBD99DC34}.Debug|Any CPU.Build.0 = Debug|Any CPU
		{0DB8A9CC-A98F-4BBB-96EE-67DBBD99DC34}.Debug|iPhone.ActiveCfg = Debug|Any CPU
		{0DB8A9CC-A98F-4BBB-96EE-67DBBD99DC34}.Debug|iPhone.Build.0 = Debug|Any CPU
		{0DB8A9CC-A98F-4BBB-96EE-67DBBD99DC34}.Debug|iPhoneSimulator.ActiveCfg = Debug|Any CPU
		{0DB8A9CC-A98F-4BBB-96EE-67DBBD99DC34}.Debug|iPhoneSimulator.Build.0 = Debug|Any CPU
		{0DB8A9CC-A98F-4BBB-96EE-67DBBD99DC34}.Release|Any CPU.ActiveCfg = Release|Any CPU
		{0DB8A9CC-A98F-4BBB-96EE-67DBBD99DC34}.Release|Any CPU.Build.0 = Release|Any CPU
		{0DB8A9CC-A98F-4BBB-96EE-67DBBD99DC34}.Release|iPhone.ActiveCfg = Release|Any CPU
		{0DB8A9CC-A98F-4BBB-96EE-67DBBD99DC34}.Release|iPhone.Build.0 = Release|Any CPU
		{0DB8A9CC-A98F-4BBB-96EE-67DBBD99DC34}.Release|iPhoneSimulator.ActiveCfg = Release|Any CPU
		{0DB8A9CC-A98F-4BBB-96EE-67DBBD99DC34}.Release|iPhoneSimulator.Build.0 = Release|Any CPU
		{873FDA2D-6D7F-45EB-B197-543222279C6F}.Ad-Hoc|Any CPU.ActiveCfg = Release|Any CPU
		{873FDA2D-6D7F-45EB-B197-543222279C6F}.Ad-Hoc|Any CPU.Build.0 = Release|Any CPU
		{873FDA2D-6D7F-45EB-B197-543222279C6F}.Ad-Hoc|iPhone.ActiveCfg = Release|Any CPU
		{873FDA2D-6D7F-45EB-B197-543222279C6F}.Ad-Hoc|iPhone.Build.0 = Release|Any CPU
		{873FDA2D-6D7F-45EB-B197-543222279C6F}.Ad-Hoc|iPhoneSimulator.ActiveCfg = Release|Any CPU
		{873FDA2D-6D7F-45EB-B197-543222279C6F}.Ad-Hoc|iPhoneSimulator.Build.0 = Release|Any CPU
		{873FDA2D-6D7F-45EB-B197-543222279C6F}.AppStore|Any CPU.ActiveCfg = Release|Any CPU
		{873FDA2D-6D7F-45EB-B197-543222279C6F}.AppStore|Any CPU.Build.0 = Release|Any CPU
		{873FDA2D-6D7F-45EB-B197-543222279C6F}.AppStore|iPhone.ActiveCfg = Release|Any CPU
		{873FDA2D-6D7F-45EB-B197-543222279C6F}.AppStore|iPhone.Build.0 = Release|Any CPU
		{873FDA2D-6D7F-45EB-B197-543222279C6F}.AppStore|iPhoneSimulator.ActiveCfg = Release|Any CPU
		{873FDA2D-6D7F-45EB-B197-543222279C6F}.AppStore|iPhoneSimulator.Build.0 = Release|Any CPU
		{873FDA2D-6D7F-45EB-B197-543222279C6F}.Debug|Any CPU.ActiveCfg = Debug|Any CPU
		{873FDA2D-6D7F-45EB-B197-543222279C6F}.Debug|Any CPU.Build.0 = Debug|Any CPU
		{873FDA2D-6D7F-45EB-B197-543222279C6F}.Debug|iPhone.ActiveCfg = Debug|Any CPU
		{873FDA2D-6D7F-45EB-B197-543222279C6F}.Debug|iPhone.Build.0 = Debug|Any CPU
		{873FDA2D-6D7F-45EB-B197-543222279C6F}.Debug|iPhoneSimulator.ActiveCfg = Debug|Any CPU
		{873FDA2D-6D7F-45EB-B197-543222279C6F}.Debug|iPhoneSimulator.Build.0 = Debug|Any CPU
		{873FDA2D-6D7F-45EB-B197-543222279C6F}.Release|Any CPU.ActiveCfg = Release|Any CPU
		{873FDA2D-6D7F-45EB-B197-543222279C6F}.Release|Any CPU.Build.0 = Release|Any CPU
		{873FDA2D-6D7F-45EB-B197-543222279C6F}.Release|iPhone.ActiveCfg = Release|Any CPU
		{873FDA2D-6D7F-45EB-B197-543222279C6F}.Release|iPhone.Build.0 = Release|Any CPU
		{873FDA2D-6D7F-45EB-B197-543222279C6F}.Release|iPhoneSimulator.ActiveCfg = Release|Any CPU
		{873FDA2D-6D7F-45EB-B197-543222279C6F}.Release|iPhoneSimulator.Build.0 = Release|Any CPU
	EndGlobalSection
	GlobalSection(SolutionProperties) = preSolution
		HideSolutionNode = FALSE
	EndGlobalSection
	GlobalSection(ExtensibilityGlobals) = postSolution
		SolutionGuid = {8365557B-9F76-4553-8431-1987255D7E89}
	EndGlobalSection
EndGlobal
